
Microsoft Visual Studio Solution File, Format Version 12.00
# Visual Studio 14
VisualStudioVersion = 14.0.25420.1
MinimumVisualStudioVersion = 10.0.40219.1
Project("{2150E333-8FDC-42A3-9474-1A3956D46DE8}") = "Apps", "Apps", "{9F1CD982-DA6A-4AC1-BDE2-1B5882FF0011}"
EndProject
Project("{2150E333-8FDC-42A3-9474-1A3956D46DE8}") = "Forms", "Forms", "{E3D79CEC-61D6-4852-9860-6D518E605844}"
EndProject
Project("{2150E333-8FDC-42A3-9474-1A3956D46DE8}") = "Native", "Native", "{89FE741C-6667-4A97-805F-C8EB171FA4CD}"
EndProject
Project("{2150E333-8FDC-42A3-9474-1A3956D46DE8}") = "Core", "Core", "{69172ABA-802E-400C-A021-61CAC032AD09}"
EndProject
Project("{2150E333-8FDC-42A3-9474-1A3956D46DE8}") = "Tests", "Tests", "{5A750107-B367-4A75-90B1-95BC865BF110}"
EndProject
Project("{FAE04EC0-301F-11D3-BF4B-00C04F79EFBC}") = "Stc.AppTemplate.Common", "Core\Stc.AppTemplate.Common\Stc.AppTemplate.Common.csproj", "{6D4B18F1-202A-414A-B529-20033DF3CF92}"
EndProject
Project("{FAE04EC0-301F-11D3-BF4B-00C04F79EFBC}") = "Stc.AppTemplate.Core.Api", "Core\Stc.AppTemplate.Core.Api\Stc.AppTemplate.Core.Api.csproj", "{9652BF7A-0225-4CE0-BD71-BEBA4B3BB958}"
EndProject
Project("{FAE04EC0-301F-11D3-BF4B-00C04F79EFBC}") = "Stc.AppTemplate.Core.Repository", "Core\Stc.AppTemplate.Core.Repository\Stc.AppTemplate.Core.Repository.csproj", "{924B8B4E-A380-48E6-B711-D0826CA15EE1}"
EndProject
Project("{FAE04EC0-301F-11D3-BF4B-00C04F79EFBC}") = "Stc.AppTemplate.Core.Contracts", "Core\Stc.AppTemplate.Core.Contracts\Stc.AppTemplate.Core.Contracts.csproj", "{9422F13F-80BB-4BEE-8C31-3BF313FF0304}"
EndProject
Project("{FAE04EC0-301F-11D3-BF4B-00C04F79EFBC}") = "Stc.AppTemplate.Core.Services", "Core\Stc.AppTemplate.Core.Services\Stc.AppTemplate.Core.Services.csproj", "{C05114C4-457A-477C-8D10-ABC875D43B1C}"
EndProject
Project("{2150E333-8FDC-42A3-9474-1A3956D46DE8}") = "Services", "Services", "{CC1A8092-E9B8-4799-B765-801663288865}"
EndProject
Project("{2150E333-8FDC-42A3-9474-1A3956D46DE8}") = "PlatformServices", "PlatformServices", "{140FDF09-5F80-4475-BDA2-DBFEF3C28C23}"
EndProject
Project("{FAE04EC0-301F-11D3-BF4B-00C04F79EFBC}") = "Stc.AppTemplate.PlatformServices.Droid", "PlatformServices\Stc.AppTemplate.PlatformServices.Droid\Stc.AppTemplate.PlatformServices.Droid.csproj", "{FF293B15-EFEE-428D-9BE7-4BFE0056304D}"
EndProject
Project("{FAE04EC0-301F-11D3-BF4B-00C04F79EFBC}") = "Stc.AppTemplate.PlatformServices.iOS", "PlatformServices\Stc.AppTemplate.PlatformServices.iOS\Stc.AppTemplate.PlatformServices.iOS.csproj", "{CC3062DF-ADC0-45FD-9AD3-E714B6EFD3D8}"
EndProject
Project("{FAE04EC0-301F-11D3-BF4B-00C04F79EFBC}") = "Stc.AppTemplate.Core.UILogic", "Core\Stc.AppTemplate.Core.UILogic\Stc.AppTemplate.Core.UILogic.csproj", "{0F47F35A-D5E8-447A-B8ED-79EE835D2E4B}"
EndProject
Project("{FAE04EC0-301F-11D3-BF4B-00C04F79EFBC}") = "Stc.AppTemplate.App.Forms.Android", "Apps\Forms\Stc.AppTemplate.App.Forms\Stc.AppTemplate.App.Forms.Android\Stc.AppTemplate.App.Forms.Android.csproj", "{18F0BB4C-8250-4EAE-9461-32D2CEB8F0AB}"
EndProject
Project("{FAE04EC0-301F-11D3-BF4B-00C04F79EFBC}") = "Stc.AppTemplate.App.Forms", "Apps\Forms\Stc.AppTemplate.App.Forms\Stc.AppTemplate.App.Forms\Stc.AppTemplate.App.Forms.csproj", "{4C87886A-CE50-42CB-906F-2CDB14FC2D6E}"
EndProject
Project("{FAE04EC0-301F-11D3-BF4B-00C04F79EFBC}") = "Stc.AppTemplate.App.Forms.UWP", "Apps\Forms\Stc.AppTemplate.App.Forms\Stc.AppTemplate.App.Forms.UWP\Stc.AppTemplate.App.Forms.UWP.csproj", "{782948E9-248D-46EA-8298-4A5985EFCB70}"
EndProject
Project("{FAE04EC0-301F-11D3-BF4B-00C04F79EFBC}") = "Stc.AppTemplate.App.Forms.iOS", "Apps\Forms\Stc.AppTemplate.App.Forms\Stc.AppTemplate.App.Forms.iOS\Stc.AppTemplate.App.Forms.iOS.csproj", "{E7CFF00B-71E6-4EB4-BC97-BE7BF8C4F023}"
EndProject
Global
	GlobalSection(SolutionConfigurationPlatforms) = preSolution
		Ad-Hoc|Any CPU = Ad-Hoc|Any CPU
		Ad-Hoc|ARM = Ad-Hoc|ARM
		Ad-Hoc|iPhone = Ad-Hoc|iPhone
		Ad-Hoc|iPhoneSimulator = Ad-Hoc|iPhoneSimulator
		Ad-Hoc|x64 = Ad-Hoc|x64
		Ad-Hoc|x86 = Ad-Hoc|x86
		AppStore|Any CPU = AppStore|Any CPU
		AppStore|ARM = AppStore|ARM
		AppStore|iPhone = AppStore|iPhone
		AppStore|iPhoneSimulator = AppStore|iPhoneSimulator
		AppStore|x64 = AppStore|x64
		AppStore|x86 = AppStore|x86
		Debug|Any CPU = Debug|Any CPU
		Debug|ARM = Debug|ARM
		Debug|iPhone = Debug|iPhone
		Debug|iPhoneSimulator = Debug|iPhoneSimulator
		Debug|x64 = Debug|x64
		Debug|x86 = Debug|x86
		Release|Any CPU = Release|Any CPU
		Release|ARM = Release|ARM
		Release|iPhone = Release|iPhone
		Release|iPhoneSimulator = Release|iPhoneSimulator
		Release|x64 = Release|x64
		Release|x86 = Release|x86
	EndGlobalSection
	GlobalSection(ProjectConfigurationPlatforms) = postSolution
		{6D4B18F1-202A-414A-B529-20033DF3CF92}.Ad-Hoc|Any CPU.ActiveCfg = Release|Any CPU
		{6D4B18F1-202A-414A-B529-20033DF3CF92}.Ad-Hoc|Any CPU.Build.0 = Release|Any CPU
		{6D4B18F1-202A-414A-B529-20033DF3CF92}.Ad-Hoc|ARM.ActiveCfg = Release|Any CPU
		{6D4B18F1-202A-414A-B529-20033DF3CF92}.Ad-Hoc|ARM.Build.0 = Release|Any CPU
		{6D4B18F1-202A-414A-B529-20033DF3CF92}.Ad-Hoc|iPhone.ActiveCfg = Release|Any CPU
		{6D4B18F1-202A-414A-B529-20033DF3CF92}.Ad-Hoc|iPhone.Build.0 = Release|Any CPU
		{6D4B18F1-202A-414A-B529-20033DF3CF92}.Ad-Hoc|iPhoneSimulator.ActiveCfg = Release|Any CPU
		{6D4B18F1-202A-414A-B529-20033DF3CF92}.Ad-Hoc|iPhoneSimulator.Build.0 = Release|Any CPU
		{6D4B18F1-202A-414A-B529-20033DF3CF92}.Ad-Hoc|x64.ActiveCfg = Release|Any CPU
		{6D4B18F1-202A-414A-B529-20033DF3CF92}.Ad-Hoc|x64.Build.0 = Release|Any CPU
		{6D4B18F1-202A-414A-B529-20033DF3CF92}.Ad-Hoc|x86.ActiveCfg = Release|Any CPU
		{6D4B18F1-202A-414A-B529-20033DF3CF92}.Ad-Hoc|x86.Build.0 = Release|Any CPU
		{6D4B18F1-202A-414A-B529-20033DF3CF92}.AppStore|Any CPU.ActiveCfg = Release|Any CPU
		{6D4B18F1-202A-414A-B529-20033DF3CF92}.AppStore|Any CPU.Build.0 = Release|Any CPU
		{6D4B18F1-202A-414A-B529-20033DF3CF92}.AppStore|ARM.ActiveCfg = Release|Any CPU
		{6D4B18F1-202A-414A-B529-20033DF3CF92}.AppStore|ARM.Build.0 = Release|Any CPU
		{6D4B18F1-202A-414A-B529-20033DF3CF92}.AppStore|iPhone.ActiveCfg = Release|Any CPU
		{6D4B18F1-202A-414A-B529-20033DF3CF92}.AppStore|iPhone.Build.0 = Release|Any CPU
		{6D4B18F1-202A-414A-B529-20033DF3CF92}.AppStore|iPhoneSimulator.ActiveCfg = Release|Any CPU
		{6D4B18F1-202A-414A-B529-20033DF3CF92}.AppStore|iPhoneSimulator.Build.0 = Release|Any CPU
		{6D4B18F1-202A-414A-B529-20033DF3CF92}.AppStore|x64.ActiveCfg = Release|Any CPU
		{6D4B18F1-202A-414A-B529-20033DF3CF92}.AppStore|x64.Build.0 = Release|Any CPU
		{6D4B18F1-202A-414A-B529-20033DF3CF92}.AppStore|x86.ActiveCfg = Release|Any CPU
		{6D4B18F1-202A-414A-B529-20033DF3CF92}.AppStore|x86.Build.0 = Release|Any CPU
		{6D4B18F1-202A-414A-B529-20033DF3CF92}.Debug|Any CPU.ActiveCfg = Debug|Any CPU
		{6D4B18F1-202A-414A-B529-20033DF3CF92}.Debug|Any CPU.Build.0 = Debug|Any CPU
		{6D4B18F1-202A-414A-B529-20033DF3CF92}.Debug|ARM.ActiveCfg = Debug|Any CPU
		{6D4B18F1-202A-414A-B529-20033DF3CF92}.Debug|ARM.Build.0 = Debug|Any CPU
		{6D4B18F1-202A-414A-B529-20033DF3CF92}.Debug|iPhone.ActiveCfg = Debug|Any CPU
		{6D4B18F1-202A-414A-B529-20033DF3CF92}.Debug|iPhone.Build.0 = Debug|Any CPU
		{6D4B18F1-202A-414A-B529-20033DF3CF92}.Debug|iPhoneSimulator.ActiveCfg = Debug|Any CPU
		{6D4B18F1-202A-414A-B529-20033DF3CF92}.Debug|iPhoneSimulator.Build.0 = Debug|Any CPU
		{6D4B18F1-202A-414A-B529-20033DF3CF92}.Debug|x64.ActiveCfg = Debug|Any CPU
		{6D4B18F1-202A-414A-B529-20033DF3CF92}.Debug|x64.Build.0 = Debug|Any CPU
		{6D4B18F1-202A-414A-B529-20033DF3CF92}.Debug|x86.ActiveCfg = Debug|Any CPU
		{6D4B18F1-202A-414A-B529-20033DF3CF92}.Debug|x86.Build.0 = Debug|Any CPU
		{6D4B18F1-202A-414A-B529-20033DF3CF92}.Release|Any CPU.ActiveCfg = Release|Any CPU
		{6D4B18F1-202A-414A-B529-20033DF3CF92}.Release|Any CPU.Build.0 = Release|Any CPU
		{6D4B18F1-202A-414A-B529-20033DF3CF92}.Release|ARM.ActiveCfg = Release|Any CPU
		{6D4B18F1-202A-414A-B529-20033DF3CF92}.Release|ARM.Build.0 = Release|Any CPU
		{6D4B18F1-202A-414A-B529-20033DF3CF92}.Release|iPhone.ActiveCfg = Release|Any CPU
		{6D4B18F1-202A-414A-B529-20033DF3CF92}.Release|iPhone.Build.0 = Release|Any CPU
		{6D4B18F1-202A-414A-B529-20033DF3CF92}.Release|iPhoneSimulator.ActiveCfg = Release|Any CPU
		{6D4B18F1-202A-414A-B529-20033DF3CF92}.Release|iPhoneSimulator.Build.0 = Release|Any CPU
		{6D4B18F1-202A-414A-B529-20033DF3CF92}.Release|x64.ActiveCfg = Release|Any CPU
		{6D4B18F1-202A-414A-B529-20033DF3CF92}.Release|x64.Build.0 = Release|Any CPU
		{6D4B18F1-202A-414A-B529-20033DF3CF92}.Release|x86.ActiveCfg = Release|Any CPU
		{6D4B18F1-202A-414A-B529-20033DF3CF92}.Release|x86.Build.0 = Release|Any CPU
		{9652BF7A-0225-4CE0-BD71-BEBA4B3BB958}.Ad-Hoc|Any CPU.ActiveCfg = Release|Any CPU
		{9652BF7A-0225-4CE0-BD71-BEBA4B3BB958}.Ad-Hoc|Any CPU.Build.0 = Release|Any CPU
		{9652BF7A-0225-4CE0-BD71-BEBA4B3BB958}.Ad-Hoc|ARM.ActiveCfg = Release|Any CPU
		{9652BF7A-0225-4CE0-BD71-BEBA4B3BB958}.Ad-Hoc|ARM.Build.0 = Release|Any CPU
		{9652BF7A-0225-4CE0-BD71-BEBA4B3BB958}.Ad-Hoc|iPhone.ActiveCfg = Release|Any CPU
		{9652BF7A-0225-4CE0-BD71-BEBA4B3BB958}.Ad-Hoc|iPhone.Build.0 = Release|Any CPU
		{9652BF7A-0225-4CE0-BD71-BEBA4B3BB958}.Ad-Hoc|iPhoneSimulator.ActiveCfg = Release|Any CPU
		{9652BF7A-0225-4CE0-BD71-BEBA4B3BB958}.Ad-Hoc|iPhoneSimulator.Build.0 = Release|Any CPU
		{9652BF7A-0225-4CE0-BD71-BEBA4B3BB958}.Ad-Hoc|x64.ActiveCfg = Release|Any CPU
		{9652BF7A-0225-4CE0-BD71-BEBA4B3BB958}.Ad-Hoc|x64.Build.0 = Release|Any CPU
		{9652BF7A-0225-4CE0-BD71-BEBA4B3BB958}.Ad-Hoc|x86.ActiveCfg = Release|Any CPU
		{9652BF7A-0225-4CE0-BD71-BEBA4B3BB958}.Ad-Hoc|x86.Build.0 = Release|Any CPU
		{9652BF7A-0225-4CE0-BD71-BEBA4B3BB958}.AppStore|Any CPU.ActiveCfg = Release|Any CPU
		{9652BF7A-0225-4CE0-BD71-BEBA4B3BB958}.AppStore|Any CPU.Build.0 = Release|Any CPU
		{9652BF7A-0225-4CE0-BD71-BEBA4B3BB958}.AppStore|ARM.ActiveCfg = Release|Any CPU
		{9652BF7A-0225-4CE0-BD71-BEBA4B3BB958}.AppStore|ARM.Build.0 = Release|Any CPU
		{9652BF7A-0225-4CE0-BD71-BEBA4B3BB958}.AppStore|iPhone.ActiveCfg = Release|Any CPU
		{9652BF7A-0225-4CE0-BD71-BEBA4B3BB958}.AppStore|iPhone.Build.0 = Release|Any CPU
		{9652BF7A-0225-4CE0-BD71-BEBA4B3BB958}.AppStore|iPhoneSimulator.ActiveCfg = Release|Any CPU
		{9652BF7A-0225-4CE0-BD71-BEBA4B3BB958}.AppStore|iPhoneSimulator.Build.0 = Release|Any CPU
		{9652BF7A-0225-4CE0-BD71-BEBA4B3BB958}.AppStore|x64.ActiveCfg = Release|Any CPU
		{9652BF7A-0225-4CE0-BD71-BEBA4B3BB958}.AppStore|x64.Build.0 = Release|Any CPU
		{9652BF7A-0225-4CE0-BD71-BEBA4B3BB958}.AppStore|x86.ActiveCfg = Release|Any CPU
		{9652BF7A-0225-4CE0-BD71-BEBA4B3BB958}.AppStore|x86.Build.0 = Release|Any CPU
		{9652BF7A-0225-4CE0-BD71-BEBA4B3BB958}.Debug|Any CPU.ActiveCfg = Debug|Any CPU
		{9652BF7A-0225-4CE0-BD71-BEBA4B3BB958}.Debug|Any CPU.Build.0 = Debug|Any CPU
		{9652BF7A-0225-4CE0-BD71-BEBA4B3BB958}.Debug|ARM.ActiveCfg = Debug|Any CPU
		{9652BF7A-0225-4CE0-BD71-BEBA4B3BB958}.Debug|ARM.Build.0 = Debug|Any CPU
		{9652BF7A-0225-4CE0-BD71-BEBA4B3BB958}.Debug|iPhone.ActiveCfg = Debug|Any CPU
		{9652BF7A-0225-4CE0-BD71-BEBA4B3BB958}.Debug|iPhone.Build.0 = Debug|Any CPU
		{9652BF7A-0225-4CE0-BD71-BEBA4B3BB958}.Debug|iPhoneSimulator.ActiveCfg = Debug|Any CPU
		{9652BF7A-0225-4CE0-BD71-BEBA4B3BB958}.Debug|iPhoneSimulator.Build.0 = Debug|Any CPU
		{9652BF7A-0225-4CE0-BD71-BEBA4B3BB958}.Debug|x64.ActiveCfg = Debug|Any CPU
		{9652BF7A-0225-4CE0-BD71-BEBA4B3BB958}.Debug|x64.Build.0 = Debug|Any CPU
		{9652BF7A-0225-4CE0-BD71-BEBA4B3BB958}.Debug|x86.ActiveCfg = Debug|Any CPU
		{9652BF7A-0225-4CE0-BD71-BEBA4B3BB958}.Debug|x86.Build.0 = Debug|Any CPU
		{9652BF7A-0225-4CE0-BD71-BEBA4B3BB958}.Release|Any CPU.ActiveCfg = Release|Any CPU
		{9652BF7A-0225-4CE0-BD71-BEBA4B3BB958}.Release|Any CPU.Build.0 = Release|Any CPU
		{9652BF7A-0225-4CE0-BD71-BEBA4B3BB958}.Release|ARM.ActiveCfg = Release|Any CPU
		{9652BF7A-0225-4CE0-BD71-BEBA4B3BB958}.Release|ARM.Build.0 = Release|Any CPU
		{9652BF7A-0225-4CE0-BD71-BEBA4B3BB958}.Release|iPhone.ActiveCfg = Release|Any CPU
		{9652BF7A-0225-4CE0-BD71-BEBA4B3BB958}.Release|iPhone.Build.0 = Release|Any CPU
		{9652BF7A-0225-4CE0-BD71-BEBA4B3BB958}.Release|iPhoneSimulator.ActiveCfg = Release|Any CPU
		{9652BF7A-0225-4CE0-BD71-BEBA4B3BB958}.Release|iPhoneSimulator.Build.0 = Release|Any CPU
		{9652BF7A-0225-4CE0-BD71-BEBA4B3BB958}.Release|x64.ActiveCfg = Release|Any CPU
		{9652BF7A-0225-4CE0-BD71-BEBA4B3BB958}.Release|x64.Build.0 = Release|Any CPU
		{9652BF7A-0225-4CE0-BD71-BEBA4B3BB958}.Release|x86.ActiveCfg = Release|Any CPU
		{9652BF7A-0225-4CE0-BD71-BEBA4B3BB958}.Release|x86.Build.0 = Release|Any CPU
		{924B8B4E-A380-48E6-B711-D0826CA15EE1}.Ad-Hoc|Any CPU.ActiveCfg = Release|Any CPU
		{924B8B4E-A380-48E6-B711-D0826CA15EE1}.Ad-Hoc|Any CPU.Build.0 = Release|Any CPU
		{924B8B4E-A380-48E6-B711-D0826CA15EE1}.Ad-Hoc|ARM.ActiveCfg = Release|Any CPU
		{924B8B4E-A380-48E6-B711-D0826CA15EE1}.Ad-Hoc|ARM.Build.0 = Release|Any CPU
		{924B8B4E-A380-48E6-B711-D0826CA15EE1}.Ad-Hoc|iPhone.ActiveCfg = Release|Any CPU
		{924B8B4E-A380-48E6-B711-D0826CA15EE1}.Ad-Hoc|iPhone.Build.0 = Release|Any CPU
		{924B8B4E-A380-48E6-B711-D0826CA15EE1}.Ad-Hoc|iPhoneSimulator.ActiveCfg = Release|Any CPU
		{924B8B4E-A380-48E6-B711-D0826CA15EE1}.Ad-Hoc|iPhoneSimulator.Build.0 = Release|Any CPU
		{924B8B4E-A380-48E6-B711-D0826CA15EE1}.Ad-Hoc|x64.ActiveCfg = Release|Any CPU
		{924B8B4E-A380-48E6-B711-D0826CA15EE1}.Ad-Hoc|x64.Build.0 = Release|Any CPU
		{924B8B4E-A380-48E6-B711-D0826CA15EE1}.Ad-Hoc|x86.ActiveCfg = Release|Any CPU
		{924B8B4E-A380-48E6-B711-D0826CA15EE1}.Ad-Hoc|x86.Build.0 = Release|Any CPU
		{924B8B4E-A380-48E6-B711-D0826CA15EE1}.AppStore|Any CPU.ActiveCfg = Release|Any CPU
		{924B8B4E-A380-48E6-B711-D0826CA15EE1}.AppStore|Any CPU.Build.0 = Release|Any CPU
		{924B8B4E-A380-48E6-B711-D0826CA15EE1}.AppStore|ARM.ActiveCfg = Release|Any CPU
		{924B8B4E-A380-48E6-B711-D0826CA15EE1}.AppStore|ARM.Build.0 = Release|Any CPU
		{924B8B4E-A380-48E6-B711-D0826CA15EE1}.AppStore|iPhone.ActiveCfg = Release|Any CPU
		{924B8B4E-A380-48E6-B711-D0826CA15EE1}.AppStore|iPhone.Build.0 = Release|Any CPU
		{924B8B4E-A380-48E6-B711-D0826CA15EE1}.AppStore|iPhoneSimulator.ActiveCfg = Release|Any CPU
		{924B8B4E-A380-48E6-B711-D0826CA15EE1}.AppStore|iPhoneSimulator.Build.0 = Release|Any CPU
		{924B8B4E-A380-48E6-B711-D0826CA15EE1}.AppStore|x64.ActiveCfg = Release|Any CPU
		{924B8B4E-A380-48E6-B711-D0826CA15EE1}.AppStore|x64.Build.0 = Release|Any CPU
		{924B8B4E-A380-48E6-B711-D0826CA15EE1}.AppStore|x86.ActiveCfg = Release|Any CPU
		{924B8B4E-A380-48E6-B711-D0826CA15EE1}.AppStore|x86.Build.0 = Release|Any CPU
		{924B8B4E-A380-48E6-B711-D0826CA15EE1}.Debug|Any CPU.ActiveCfg = Debug|Any CPU
		{924B8B4E-A380-48E6-B711-D0826CA15EE1}.Debug|Any CPU.Build.0 = Debug|Any CPU
		{924B8B4E-A380-48E6-B711-D0826CA15EE1}.Debug|ARM.ActiveCfg = Debug|Any CPU
		{924B8B4E-A380-48E6-B711-D0826CA15EE1}.Debug|ARM.Build.0 = Debug|Any CPU
		{924B8B4E-A380-48E6-B711-D0826CA15EE1}.Debug|iPhone.ActiveCfg = Debug|Any CPU
		{924B8B4E-A380-48E6-B711-D0826CA15EE1}.Debug|iPhone.Build.0 = Debug|Any CPU
		{924B8B4E-A380-48E6-B711-D0826CA15EE1}.Debug|iPhoneSimulator.ActiveCfg = Debug|Any CPU
		{924B8B4E-A380-48E6-B711-D0826CA15EE1}.Debug|iPhoneSimulator.Build.0 = Debug|Any CPU
		{924B8B4E-A380-48E6-B711-D0826CA15EE1}.Debug|x64.ActiveCfg = Debug|Any CPU
		{924B8B4E-A380-48E6-B711-D0826CA15EE1}.Debug|x64.Build.0 = Debug|Any CPU
		{924B8B4E-A380-48E6-B711-D0826CA15EE1}.Debug|x86.ActiveCfg = Debug|Any CPU
		{924B8B4E-A380-48E6-B711-D0826CA15EE1}.Debug|x86.Build.0 = Debug|Any CPU
		{924B8B4E-A380-48E6-B711-D0826CA15EE1}.Release|Any CPU.ActiveCfg = Release|Any CPU
		{924B8B4E-A380-48E6-B711-D0826CA15EE1}.Release|Any CPU.Build.0 = Release|Any CPU
		{924B8B4E-A380-48E6-B711-D0826CA15EE1}.Release|ARM.ActiveCfg = Release|Any CPU
		{924B8B4E-A380-48E6-B711-D0826CA15EE1}.Release|ARM.Build.0 = Release|Any CPU
		{924B8B4E-A380-48E6-B711-D0826CA15EE1}.Release|iPhone.ActiveCfg = Release|Any CPU
		{924B8B4E-A380-48E6-B711-D0826CA15EE1}.Release|iPhone.Build.0 = Release|Any CPU
		{924B8B4E-A380-48E6-B711-D0826CA15EE1}.Release|iPhoneSimulator.ActiveCfg = Release|Any CPU
		{924B8B4E-A380-48E6-B711-D0826CA15EE1}.Release|iPhoneSimulator.Build.0 = Release|Any CPU
		{924B8B4E-A380-48E6-B711-D0826CA15EE1}.Release|x64.ActiveCfg = Release|Any CPU
		{924B8B4E-A380-48E6-B711-D0826CA15EE1}.Release|x64.Build.0 = Release|Any CPU
		{924B8B4E-A380-48E6-B711-D0826CA15EE1}.Release|x86.ActiveCfg = Release|Any CPU
		{924B8B4E-A380-48E6-B711-D0826CA15EE1}.Release|x86.Build.0 = Release|Any CPU
		{9422F13F-80BB-4BEE-8C31-3BF313FF0304}.Ad-Hoc|Any CPU.ActiveCfg = Release|Any CPU
		{9422F13F-80BB-4BEE-8C31-3BF313FF0304}.Ad-Hoc|Any CPU.Build.0 = Release|Any CPU
		{9422F13F-80BB-4BEE-8C31-3BF313FF0304}.Ad-Hoc|ARM.ActiveCfg = Release|Any CPU
		{9422F13F-80BB-4BEE-8C31-3BF313FF0304}.Ad-Hoc|ARM.Build.0 = Release|Any CPU
		{9422F13F-80BB-4BEE-8C31-3BF313FF0304}.Ad-Hoc|iPhone.ActiveCfg = Release|Any CPU
		{9422F13F-80BB-4BEE-8C31-3BF313FF0304}.Ad-Hoc|iPhone.Build.0 = Release|Any CPU
		{9422F13F-80BB-4BEE-8C31-3BF313FF0304}.Ad-Hoc|iPhoneSimulator.ActiveCfg = Release|Any CPU
		{9422F13F-80BB-4BEE-8C31-3BF313FF0304}.Ad-Hoc|iPhoneSimulator.Build.0 = Release|Any CPU
		{9422F13F-80BB-4BEE-8C31-3BF313FF0304}.Ad-Hoc|x64.ActiveCfg = Release|Any CPU
		{9422F13F-80BB-4BEE-8C31-3BF313FF0304}.Ad-Hoc|x64.Build.0 = Release|Any CPU
		{9422F13F-80BB-4BEE-8C31-3BF313FF0304}.Ad-Hoc|x86.ActiveCfg = Release|Any CPU
		{9422F13F-80BB-4BEE-8C31-3BF313FF0304}.Ad-Hoc|x86.Build.0 = Release|Any CPU
		{9422F13F-80BB-4BEE-8C31-3BF313FF0304}.AppStore|Any CPU.ActiveCfg = Release|Any CPU
		{9422F13F-80BB-4BEE-8C31-3BF313FF0304}.AppStore|Any CPU.Build.0 = Release|Any CPU
		{9422F13F-80BB-4BEE-8C31-3BF313FF0304}.AppStore|ARM.ActiveCfg = Release|Any CPU
		{9422F13F-80BB-4BEE-8C31-3BF313FF0304}.AppStore|ARM.Build.0 = Release|Any CPU
		{9422F13F-80BB-4BEE-8C31-3BF313FF0304}.AppStore|iPhone.ActiveCfg = Release|Any CPU
		{9422F13F-80BB-4BEE-8C31-3BF313FF0304}.AppStore|iPhone.Build.0 = Release|Any CPU
		{9422F13F-80BB-4BEE-8C31-3BF313FF0304}.AppStore|iPhoneSimulator.ActiveCfg = Release|Any CPU
		{9422F13F-80BB-4BEE-8C31-3BF313FF0304}.AppStore|iPhoneSimulator.Build.0 = Release|Any CPU
		{9422F13F-80BB-4BEE-8C31-3BF313FF0304}.AppStore|x64.ActiveCfg = Release|Any CPU
		{9422F13F-80BB-4BEE-8C31-3BF313FF0304}.AppStore|x64.Build.0 = Release|Any CPU
		{9422F13F-80BB-4BEE-8C31-3BF313FF0304}.AppStore|x86.ActiveCfg = Release|Any CPU
		{9422F13F-80BB-4BEE-8C31-3BF313FF0304}.AppStore|x86.Build.0 = Release|Any CPU
		{9422F13F-80BB-4BEE-8C31-3BF313FF0304}.Debug|Any CPU.ActiveCfg = Debug|Any CPU
		{9422F13F-80BB-4BEE-8C31-3BF313FF0304}.Debug|Any CPU.Build.0 = Debug|Any CPU
		{9422F13F-80BB-4BEE-8C31-3BF313FF0304}.Debug|ARM.ActiveCfg = Debug|Any CPU
		{9422F13F-80BB-4BEE-8C31-3BF313FF0304}.Debug|ARM.Build.0 = Debug|Any CPU
		{9422F13F-80BB-4BEE-8C31-3BF313FF0304}.Debug|iPhone.ActiveCfg = Debug|Any CPU
		{9422F13F-80BB-4BEE-8C31-3BF313FF0304}.Debug|iPhone.Build.0 = Debug|Any CPU
		{9422F13F-80BB-4BEE-8C31-3BF313FF0304}.Debug|iPhoneSimulator.ActiveCfg = Debug|Any CPU
		{9422F13F-80BB-4BEE-8C31-3BF313FF0304}.Debug|iPhoneSimulator.Build.0 = Debug|Any CPU
		{9422F13F-80BB-4BEE-8C31-3BF313FF0304}.Debug|x64.ActiveCfg = Debug|Any CPU
		{9422F13F-80BB-4BEE-8C31-3BF313FF0304}.Debug|x64.Build.0 = Debug|Any CPU
		{9422F13F-80BB-4BEE-8C31-3BF313FF0304}.Debug|x86.ActiveCfg = Debug|Any CPU
		{9422F13F-80BB-4BEE-8C31-3BF313FF0304}.Debug|x86.Build.0 = Debug|Any CPU
		{9422F13F-80BB-4BEE-8C31-3BF313FF0304}.Release|Any CPU.ActiveCfg = Release|Any CPU
		{9422F13F-80BB-4BEE-8C31-3BF313FF0304}.Release|Any CPU.Build.0 = Release|Any CPU
		{9422F13F-80BB-4BEE-8C31-3BF313FF0304}.Release|ARM.ActiveCfg = Release|Any CPU
		{9422F13F-80BB-4BEE-8C31-3BF313FF0304}.Release|ARM.Build.0 = Release|Any CPU
		{9422F13F-80BB-4BEE-8C31-3BF313FF0304}.Release|iPhone.ActiveCfg = Release|Any CPU
		{9422F13F-80BB-4BEE-8C31-3BF313FF0304}.Release|iPhone.Build.0 = Release|Any CPU
		{9422F13F-80BB-4BEE-8C31-3BF313FF0304}.Release|iPhoneSimulator.ActiveCfg = Release|Any CPU
		{9422F13F-80BB-4BEE-8C31-3BF313FF0304}.Release|iPhoneSimulator.Build.0 = Release|Any CPU
		{9422F13F-80BB-4BEE-8C31-3BF313FF0304}.Release|x64.ActiveCfg = Release|Any CPU
		{9422F13F-80BB-4BEE-8C31-3BF313FF0304}.Release|x64.Build.0 = Release|Any CPU
		{9422F13F-80BB-4BEE-8C31-3BF313FF0304}.Release|x86.ActiveCfg = Release|Any CPU
		{9422F13F-80BB-4BEE-8C31-3BF313FF0304}.Release|x86.Build.0 = Release|Any CPU
		{C05114C4-457A-477C-8D10-ABC875D43B1C}.Ad-Hoc|Any CPU.ActiveCfg = Release|Any CPU
		{C05114C4-457A-477C-8D10-ABC875D43B1C}.Ad-Hoc|Any CPU.Build.0 = Release|Any CPU
		{C05114C4-457A-477C-8D10-ABC875D43B1C}.Ad-Hoc|ARM.ActiveCfg = Release|Any CPU
		{C05114C4-457A-477C-8D10-ABC875D43B1C}.Ad-Hoc|ARM.Build.0 = Release|Any CPU
		{C05114C4-457A-477C-8D10-ABC875D43B1C}.Ad-Hoc|iPhone.ActiveCfg = Release|Any CPU
		{C05114C4-457A-477C-8D10-ABC875D43B1C}.Ad-Hoc|iPhone.Build.0 = Release|Any CPU
		{C05114C4-457A-477C-8D10-ABC875D43B1C}.Ad-Hoc|iPhoneSimulator.ActiveCfg = Release|Any CPU
		{C05114C4-457A-477C-8D10-ABC875D43B1C}.Ad-Hoc|iPhoneSimulator.Build.0 = Release|Any CPU
		{C05114C4-457A-477C-8D10-ABC875D43B1C}.Ad-Hoc|x64.ActiveCfg = Release|Any CPU
		{C05114C4-457A-477C-8D10-ABC875D43B1C}.Ad-Hoc|x64.Build.0 = Release|Any CPU
		{C05114C4-457A-477C-8D10-ABC875D43B1C}.Ad-Hoc|x86.ActiveCfg = Release|Any CPU
		{C05114C4-457A-477C-8D10-ABC875D43B1C}.Ad-Hoc|x86.Build.0 = Release|Any CPU
		{C05114C4-457A-477C-8D10-ABC875D43B1C}.AppStore|Any CPU.ActiveCfg = Release|Any CPU
		{C05114C4-457A-477C-8D10-ABC875D43B1C}.AppStore|Any CPU.Build.0 = Release|Any CPU
		{C05114C4-457A-477C-8D10-ABC875D43B1C}.AppStore|ARM.ActiveCfg = Release|Any CPU
		{C05114C4-457A-477C-8D10-ABC875D43B1C}.AppStore|ARM.Build.0 = Release|Any CPU
		{C05114C4-457A-477C-8D10-ABC875D43B1C}.AppStore|iPhone.ActiveCfg = Release|Any CPU
		{C05114C4-457A-477C-8D10-ABC875D43B1C}.AppStore|iPhone.Build.0 = Release|Any CPU
		{C05114C4-457A-477C-8D10-ABC875D43B1C}.AppStore|iPhoneSimulator.ActiveCfg = Release|Any CPU
		{C05114C4-457A-477C-8D10-ABC875D43B1C}.AppStore|iPhoneSimulator.Build.0 = Release|Any CPU
		{C05114C4-457A-477C-8D10-ABC875D43B1C}.AppStore|x64.ActiveCfg = Release|Any CPU
		{C05114C4-457A-477C-8D10-ABC875D43B1C}.AppStore|x64.Build.0 = Release|Any CPU
		{C05114C4-457A-477C-8D10-ABC875D43B1C}.AppStore|x86.ActiveCfg = Release|Any CPU
		{C05114C4-457A-477C-8D10-ABC875D43B1C}.AppStore|x86.Build.0 = Release|Any CPU
		{C05114C4-457A-477C-8D10-ABC875D43B1C}.Debug|Any CPU.ActiveCfg = Debug|Any CPU
		{C05114C4-457A-477C-8D10-ABC875D43B1C}.Debug|Any CPU.Build.0 = Debug|Any CPU
		{C05114C4-457A-477C-8D10-ABC875D43B1C}.Debug|ARM.ActiveCfg = Debug|Any CPU
		{C05114C4-457A-477C-8D10-ABC875D43B1C}.Debug|ARM.Build.0 = Debug|Any CPU
		{C05114C4-457A-477C-8D10-ABC875D43B1C}.Debug|iPhone.ActiveCfg = Debug|Any CPU
		{C05114C4-457A-477C-8D10-ABC875D43B1C}.Debug|iPhone.Build.0 = Debug|Any CPU
		{C05114C4-457A-477C-8D10-ABC875D43B1C}.Debug|iPhoneSimulator.ActiveCfg = Debug|Any CPU
		{C05114C4-457A-477C-8D10-ABC875D43B1C}.Debug|iPhoneSimulator.Build.0 = Debug|Any CPU
		{C05114C4-457A-477C-8D10-ABC875D43B1C}.Debug|x64.ActiveCfg = Debug|Any CPU
		{C05114C4-457A-477C-8D10-ABC875D43B1C}.Debug|x64.Build.0 = Debug|Any CPU
		{C05114C4-457A-477C-8D10-ABC875D43B1C}.Debug|x86.ActiveCfg = Debug|Any CPU
		{C05114C4-457A-477C-8D10-ABC875D43B1C}.Debug|x86.Build.0 = Debug|Any CPU
		{C05114C4-457A-477C-8D10-ABC875D43B1C}.Release|Any CPU.ActiveCfg = Release|Any CPU
		{C05114C4-457A-477C-8D10-ABC875D43B1C}.Release|Any CPU.Build.0 = Release|Any CPU
		{C05114C4-457A-477C-8D10-ABC875D43B1C}.Release|ARM.ActiveCfg = Release|Any CPU
		{C05114C4-457A-477C-8D10-ABC875D43B1C}.Release|ARM.Build.0 = Release|Any CPU
		{C05114C4-457A-477C-8D10-ABC875D43B1C}.Release|iPhone.ActiveCfg = Release|Any CPU
		{C05114C4-457A-477C-8D10-ABC875D43B1C}.Release|iPhone.Build.0 = Release|Any CPU
		{C05114C4-457A-477C-8D10-ABC875D43B1C}.Release|iPhoneSimulator.ActiveCfg = Release|Any CPU
		{C05114C4-457A-477C-8D10-ABC875D43B1C}.Release|iPhoneSimulator.Build.0 = Release|Any CPU
		{C05114C4-457A-477C-8D10-ABC875D43B1C}.Release|x64.ActiveCfg = Release|Any CPU
		{C05114C4-457A-477C-8D10-ABC875D43B1C}.Release|x64.Build.0 = Release|Any CPU
		{C05114C4-457A-477C-8D10-ABC875D43B1C}.Release|x86.ActiveCfg = Release|Any CPU
		{C05114C4-457A-477C-8D10-ABC875D43B1C}.Release|x86.Build.0 = Release|Any CPU
		{FF293B15-EFEE-428D-9BE7-4BFE0056304D}.Ad-Hoc|Any CPU.ActiveCfg = Release|Any CPU
		{FF293B15-EFEE-428D-9BE7-4BFE0056304D}.Ad-Hoc|Any CPU.Build.0 = Release|Any CPU
		{FF293B15-EFEE-428D-9BE7-4BFE0056304D}.Ad-Hoc|ARM.ActiveCfg = Release|Any CPU
		{FF293B15-EFEE-428D-9BE7-4BFE0056304D}.Ad-Hoc|ARM.Build.0 = Release|Any CPU
		{FF293B15-EFEE-428D-9BE7-4BFE0056304D}.Ad-Hoc|iPhone.ActiveCfg = Release|Any CPU
		{FF293B15-EFEE-428D-9BE7-4BFE0056304D}.Ad-Hoc|iPhone.Build.0 = Release|Any CPU
		{FF293B15-EFEE-428D-9BE7-4BFE0056304D}.Ad-Hoc|iPhoneSimulator.ActiveCfg = Release|Any CPU
		{FF293B15-EFEE-428D-9BE7-4BFE0056304D}.Ad-Hoc|iPhoneSimulator.Build.0 = Release|Any CPU
		{FF293B15-EFEE-428D-9BE7-4BFE0056304D}.Ad-Hoc|x64.ActiveCfg = Release|Any CPU
		{FF293B15-EFEE-428D-9BE7-4BFE0056304D}.Ad-Hoc|x64.Build.0 = Release|Any CPU
		{FF293B15-EFEE-428D-9BE7-4BFE0056304D}.Ad-Hoc|x86.ActiveCfg = Release|Any CPU
		{FF293B15-EFEE-428D-9BE7-4BFE0056304D}.Ad-Hoc|x86.Build.0 = Release|Any CPU
		{FF293B15-EFEE-428D-9BE7-4BFE0056304D}.AppStore|Any CPU.ActiveCfg = Release|Any CPU
		{FF293B15-EFEE-428D-9BE7-4BFE0056304D}.AppStore|Any CPU.Build.0 = Release|Any CPU
		{FF293B15-EFEE-428D-9BE7-4BFE0056304D}.AppStore|ARM.ActiveCfg = Release|Any CPU
		{FF293B15-EFEE-428D-9BE7-4BFE0056304D}.AppStore|ARM.Build.0 = Release|Any CPU
		{FF293B15-EFEE-428D-9BE7-4BFE0056304D}.AppStore|iPhone.ActiveCfg = Release|Any CPU
		{FF293B15-EFEE-428D-9BE7-4BFE0056304D}.AppStore|iPhone.Build.0 = Release|Any CPU
		{FF293B15-EFEE-428D-9BE7-4BFE0056304D}.AppStore|iPhoneSimulator.ActiveCfg = Release|Any CPU
		{FF293B15-EFEE-428D-9BE7-4BFE0056304D}.AppStore|iPhoneSimulator.Build.0 = Release|Any CPU
		{FF293B15-EFEE-428D-9BE7-4BFE0056304D}.AppStore|x64.ActiveCfg = Release|Any CPU
		{FF293B15-EFEE-428D-9BE7-4BFE0056304D}.AppStore|x64.Build.0 = Release|Any CPU
		{FF293B15-EFEE-428D-9BE7-4BFE0056304D}.AppStore|x86.ActiveCfg = Release|Any CPU
		{FF293B15-EFEE-428D-9BE7-4BFE0056304D}.AppStore|x86.Build.0 = Release|Any CPU
		{FF293B15-EFEE-428D-9BE7-4BFE0056304D}.Debug|Any CPU.ActiveCfg = Debug|Any CPU
		{FF293B15-EFEE-428D-9BE7-4BFE0056304D}.Debug|Any CPU.Build.0 = Debug|Any CPU
		{FF293B15-EFEE-428D-9BE7-4BFE0056304D}.Debug|ARM.ActiveCfg = Debug|Any CPU
		{FF293B15-EFEE-428D-9BE7-4BFE0056304D}.Debug|ARM.Build.0 = Debug|Any CPU
		{FF293B15-EFEE-428D-9BE7-4BFE0056304D}.Debug|iPhone.ActiveCfg = Debug|Any CPU
		{FF293B15-EFEE-428D-9BE7-4BFE0056304D}.Debug|iPhone.Build.0 = Debug|Any CPU
		{FF293B15-EFEE-428D-9BE7-4BFE0056304D}.Debug|iPhoneSimulator.ActiveCfg = Debug|Any CPU
		{FF293B15-EFEE-428D-9BE7-4BFE0056304D}.Debug|iPhoneSimulator.Build.0 = Debug|Any CPU
		{FF293B15-EFEE-428D-9BE7-4BFE0056304D}.Debug|x64.ActiveCfg = Debug|Any CPU
		{FF293B15-EFEE-428D-9BE7-4BFE0056304D}.Debug|x64.Build.0 = Debug|Any CPU
		{FF293B15-EFEE-428D-9BE7-4BFE0056304D}.Debug|x86.ActiveCfg = Debug|Any CPU
		{FF293B15-EFEE-428D-9BE7-4BFE0056304D}.Debug|x86.Build.0 = Debug|Any CPU
		{FF293B15-EFEE-428D-9BE7-4BFE0056304D}.Release|Any CPU.ActiveCfg = Release|Any CPU
		{FF293B15-EFEE-428D-9BE7-4BFE0056304D}.Release|Any CPU.Build.0 = Release|Any CPU
		{FF293B15-EFEE-428D-9BE7-4BFE0056304D}.Release|ARM.ActiveCfg = Release|Any CPU
		{FF293B15-EFEE-428D-9BE7-4BFE0056304D}.Release|ARM.Build.0 = Release|Any CPU
		{FF293B15-EFEE-428D-9BE7-4BFE0056304D}.Release|iPhone.ActiveCfg = Release|Any CPU
		{FF293B15-EFEE-428D-9BE7-4BFE0056304D}.Release|iPhone.Build.0 = Release|Any CPU
		{FF293B15-EFEE-428D-9BE7-4BFE0056304D}.Release|iPhoneSimulator.ActiveCfg = Release|Any CPU
		{FF293B15-EFEE-428D-9BE7-4BFE0056304D}.Release|iPhoneSimulator.Build.0 = Release|Any CPU
		{FF293B15-EFEE-428D-9BE7-4BFE0056304D}.Release|x64.ActiveCfg = Release|Any CPU
		{FF293B15-EFEE-428D-9BE7-4BFE0056304D}.Release|x64.Build.0 = Release|Any CPU
		{FF293B15-EFEE-428D-9BE7-4BFE0056304D}.Release|x86.ActiveCfg = Release|Any CPU
		{FF293B15-EFEE-428D-9BE7-4BFE0056304D}.Release|x86.Build.0 = Release|Any CPU
		{CC3062DF-ADC0-45FD-9AD3-E714B6EFD3D8}.Ad-Hoc|Any CPU.ActiveCfg = Release|Any CPU
		{CC3062DF-ADC0-45FD-9AD3-E714B6EFD3D8}.Ad-Hoc|Any CPU.Build.0 = Release|Any CPU
		{CC3062DF-ADC0-45FD-9AD3-E714B6EFD3D8}.Ad-Hoc|ARM.ActiveCfg = Release|Any CPU
		{CC3062DF-ADC0-45FD-9AD3-E714B6EFD3D8}.Ad-Hoc|ARM.Build.0 = Release|Any CPU
		{CC3062DF-ADC0-45FD-9AD3-E714B6EFD3D8}.Ad-Hoc|iPhone.ActiveCfg = Release|Any CPU
		{CC3062DF-ADC0-45FD-9AD3-E714B6EFD3D8}.Ad-Hoc|iPhone.Build.0 = Release|Any CPU
		{CC3062DF-ADC0-45FD-9AD3-E714B6EFD3D8}.Ad-Hoc|iPhoneSimulator.ActiveCfg = Release|Any CPU
		{CC3062DF-ADC0-45FD-9AD3-E714B6EFD3D8}.Ad-Hoc|iPhoneSimulator.Build.0 = Release|Any CPU
		{CC3062DF-ADC0-45FD-9AD3-E714B6EFD3D8}.Ad-Hoc|x64.ActiveCfg = Release|Any CPU
		{CC3062DF-ADC0-45FD-9AD3-E714B6EFD3D8}.Ad-Hoc|x64.Build.0 = Release|Any CPU
		{CC3062DF-ADC0-45FD-9AD3-E714B6EFD3D8}.Ad-Hoc|x86.ActiveCfg = Release|Any CPU
		{CC3062DF-ADC0-45FD-9AD3-E714B6EFD3D8}.Ad-Hoc|x86.Build.0 = Release|Any CPU
		{CC3062DF-ADC0-45FD-9AD3-E714B6EFD3D8}.AppStore|Any CPU.ActiveCfg = Release|Any CPU
		{CC3062DF-ADC0-45FD-9AD3-E714B6EFD3D8}.AppStore|Any CPU.Build.0 = Release|Any CPU
		{CC3062DF-ADC0-45FD-9AD3-E714B6EFD3D8}.AppStore|ARM.ActiveCfg = Release|Any CPU
		{CC3062DF-ADC0-45FD-9AD3-E714B6EFD3D8}.AppStore|ARM.Build.0 = Release|Any CPU
		{CC3062DF-ADC0-45FD-9AD3-E714B6EFD3D8}.AppStore|iPhone.ActiveCfg = Release|Any CPU
		{CC3062DF-ADC0-45FD-9AD3-E714B6EFD3D8}.AppStore|iPhone.Build.0 = Release|Any CPU
		{CC3062DF-ADC0-45FD-9AD3-E714B6EFD3D8}.AppStore|iPhoneSimulator.ActiveCfg = Release|Any CPU
		{CC3062DF-ADC0-45FD-9AD3-E714B6EFD3D8}.AppStore|iPhoneSimulator.Build.0 = Release|Any CPU
		{CC3062DF-ADC0-45FD-9AD3-E714B6EFD3D8}.AppStore|x64.ActiveCfg = Release|Any CPU
		{CC3062DF-ADC0-45FD-9AD3-E714B6EFD3D8}.AppStore|x64.Build.0 = Release|Any CPU
		{CC3062DF-ADC0-45FD-9AD3-E714B6EFD3D8}.AppStore|x86.ActiveCfg = Release|Any CPU
		{CC3062DF-ADC0-45FD-9AD3-E714B6EFD3D8}.AppStore|x86.Build.0 = Release|Any CPU
		{CC3062DF-ADC0-45FD-9AD3-E714B6EFD3D8}.Debug|Any CPU.ActiveCfg = Debug|Any CPU
		{CC3062DF-ADC0-45FD-9AD3-E714B6EFD3D8}.Debug|Any CPU.Build.0 = Debug|Any CPU
		{CC3062DF-ADC0-45FD-9AD3-E714B6EFD3D8}.Debug|ARM.ActiveCfg = Debug|Any CPU
		{CC3062DF-ADC0-45FD-9AD3-E714B6EFD3D8}.Debug|ARM.Build.0 = Debug|Any CPU
		{CC3062DF-ADC0-45FD-9AD3-E714B6EFD3D8}.Debug|iPhone.ActiveCfg = Debug|Any CPU
		{CC3062DF-ADC0-45FD-9AD3-E714B6EFD3D8}.Debug|iPhone.Build.0 = Debug|Any CPU
		{CC3062DF-ADC0-45FD-9AD3-E714B6EFD3D8}.Debug|iPhoneSimulator.ActiveCfg = Debug|Any CPU
		{CC3062DF-ADC0-45FD-9AD3-E714B6EFD3D8}.Debug|iPhoneSimulator.Build.0 = Debug|Any CPU
		{CC3062DF-ADC0-45FD-9AD3-E714B6EFD3D8}.Debug|x64.ActiveCfg = Debug|Any CPU
		{CC3062DF-ADC0-45FD-9AD3-E714B6EFD3D8}.Debug|x64.Build.0 = Debug|Any CPU
		{CC3062DF-ADC0-45FD-9AD3-E714B6EFD3D8}.Debug|x86.ActiveCfg = Debug|Any CPU
		{CC3062DF-ADC0-45FD-9AD3-E714B6EFD3D8}.Debug|x86.Build.0 = Debug|Any CPU
		{CC3062DF-ADC0-45FD-9AD3-E714B6EFD3D8}.Release|Any CPU.ActiveCfg = Release|Any CPU
		{CC3062DF-ADC0-45FD-9AD3-E714B6EFD3D8}.Release|Any CPU.Build.0 = Release|Any CPU
		{CC3062DF-ADC0-45FD-9AD3-E714B6EFD3D8}.Release|ARM.ActiveCfg = Release|Any CPU
		{CC3062DF-ADC0-45FD-9AD3-E714B6EFD3D8}.Release|ARM.Build.0 = Release|Any CPU
		{CC3062DF-ADC0-45FD-9AD3-E714B6EFD3D8}.Release|iPhone.ActiveCfg = Release|Any CPU
		{CC3062DF-ADC0-45FD-9AD3-E714B6EFD3D8}.Release|iPhone.Build.0 = Release|Any CPU
		{CC3062DF-ADC0-45FD-9AD3-E714B6EFD3D8}.Release|iPhoneSimulator.ActiveCfg = Release|Any CPU
		{CC3062DF-ADC0-45FD-9AD3-E714B6EFD3D8}.Release|iPhoneSimulator.Build.0 = Release|Any CPU
		{CC3062DF-ADC0-45FD-9AD3-E714B6EFD3D8}.Release|x64.ActiveCfg = Release|Any CPU
		{CC3062DF-ADC0-45FD-9AD3-E714B6EFD3D8}.Release|x64.Build.0 = Release|Any CPU
		{CC3062DF-ADC0-45FD-9AD3-E714B6EFD3D8}.Release|x86.ActiveCfg = Release|Any CPU
		{CC3062DF-ADC0-45FD-9AD3-E714B6EFD3D8}.Release|x86.Build.0 = Release|Any CPU
		{0F47F35A-D5E8-447A-B8ED-79EE835D2E4B}.Ad-Hoc|Any CPU.ActiveCfg = Release|Any CPU
		{0F47F35A-D5E8-447A-B8ED-79EE835D2E4B}.Ad-Hoc|Any CPU.Build.0 = Release|Any CPU
		{0F47F35A-D5E8-447A-B8ED-79EE835D2E4B}.Ad-Hoc|ARM.ActiveCfg = Release|Any CPU
		{0F47F35A-D5E8-447A-B8ED-79EE835D2E4B}.Ad-Hoc|ARM.Build.0 = Release|Any CPU
		{0F47F35A-D5E8-447A-B8ED-79EE835D2E4B}.Ad-Hoc|iPhone.ActiveCfg = Release|Any CPU
		{0F47F35A-D5E8-447A-B8ED-79EE835D2E4B}.Ad-Hoc|iPhone.Build.0 = Release|Any CPU
		{0F47F35A-D5E8-447A-B8ED-79EE835D2E4B}.Ad-Hoc|iPhoneSimulator.ActiveCfg = Release|Any CPU
		{0F47F35A-D5E8-447A-B8ED-79EE835D2E4B}.Ad-Hoc|iPhoneSimulator.Build.0 = Release|Any CPU
		{0F47F35A-D5E8-447A-B8ED-79EE835D2E4B}.Ad-Hoc|x64.ActiveCfg = Release|Any CPU
		{0F47F35A-D5E8-447A-B8ED-79EE835D2E4B}.Ad-Hoc|x64.Build.0 = Release|Any CPU
		{0F47F35A-D5E8-447A-B8ED-79EE835D2E4B}.Ad-Hoc|x86.ActiveCfg = Release|Any CPU
		{0F47F35A-D5E8-447A-B8ED-79EE835D2E4B}.Ad-Hoc|x86.Build.0 = Release|Any CPU
		{0F47F35A-D5E8-447A-B8ED-79EE835D2E4B}.AppStore|Any CPU.ActiveCfg = Release|Any CPU
		{0F47F35A-D5E8-447A-B8ED-79EE835D2E4B}.AppStore|Any CPU.Build.0 = Release|Any CPU
		{0F47F35A-D5E8-447A-B8ED-79EE835D2E4B}.AppStore|ARM.ActiveCfg = Release|Any CPU
		{0F47F35A-D5E8-447A-B8ED-79EE835D2E4B}.AppStore|ARM.Build.0 = Release|Any CPU
		{0F47F35A-D5E8-447A-B8ED-79EE835D2E4B}.AppStore|iPhone.ActiveCfg = Release|Any CPU
		{0F47F35A-D5E8-447A-B8ED-79EE835D2E4B}.AppStore|iPhone.Build.0 = Release|Any CPU
		{0F47F35A-D5E8-447A-B8ED-79EE835D2E4B}.AppStore|iPhoneSimulator.ActiveCfg = Release|Any CPU
		{0F47F35A-D5E8-447A-B8ED-79EE835D2E4B}.AppStore|iPhoneSimulator.Build.0 = Release|Any CPU
		{0F47F35A-D5E8-447A-B8ED-79EE835D2E4B}.AppStore|x64.ActiveCfg = Release|Any CPU
		{0F47F35A-D5E8-447A-B8ED-79EE835D2E4B}.AppStore|x64.Build.0 = Release|Any CPU
		{0F47F35A-D5E8-447A-B8ED-79EE835D2E4B}.AppStore|x86.ActiveCfg = Release|Any CPU
		{0F47F35A-D5E8-447A-B8ED-79EE835D2E4B}.AppStore|x86.Build.0 = Release|Any CPU
		{0F47F35A-D5E8-447A-B8ED-79EE835D2E4B}.Debug|Any CPU.ActiveCfg = Debug|Any CPU
		{0F47F35A-D5E8-447A-B8ED-79EE835D2E4B}.Debug|Any CPU.Build.0 = Debug|Any CPU
		{0F47F35A-D5E8-447A-B8ED-79EE835D2E4B}.Debug|ARM.ActiveCfg = Debug|Any CPU
		{0F47F35A-D5E8-447A-B8ED-79EE835D2E4B}.Debug|ARM.Build.0 = Debug|Any CPU
		{0F47F35A-D5E8-447A-B8ED-79EE835D2E4B}.Debug|iPhone.ActiveCfg = Debug|Any CPU
		{0F47F35A-D5E8-447A-B8ED-79EE835D2E4B}.Debug|iPhone.Build.0 = Debug|Any CPU
		{0F47F35A-D5E8-447A-B8ED-79EE835D2E4B}.Debug|iPhoneSimulator.ActiveCfg = Debug|Any CPU
		{0F47F35A-D5E8-447A-B8ED-79EE835D2E4B}.Debug|iPhoneSimulator.Build.0 = Debug|Any CPU
		{0F47F35A-D5E8-447A-B8ED-79EE835D2E4B}.Debug|x64.ActiveCfg = Debug|Any CPU
		{0F47F35A-D5E8-447A-B8ED-79EE835D2E4B}.Debug|x64.Build.0 = Debug|Any CPU
		{0F47F35A-D5E8-447A-B8ED-79EE835D2E4B}.Debug|x86.ActiveCfg = Debug|Any CPU
		{0F47F35A-D5E8-447A-B8ED-79EE835D2E4B}.Debug|x86.Build.0 = Debug|Any CPU
		{0F47F35A-D5E8-447A-B8ED-79EE835D2E4B}.Release|Any CPU.ActiveCfg = Release|Any CPU
		{0F47F35A-D5E8-447A-B8ED-79EE835D2E4B}.Release|Any CPU.Build.0 = Release|Any CPU
		{0F47F35A-D5E8-447A-B8ED-79EE835D2E4B}.Release|ARM.ActiveCfg = Release|Any CPU
		{0F47F35A-D5E8-447A-B8ED-79EE835D2E4B}.Release|ARM.Build.0 = Release|Any CPU
		{0F47F35A-D5E8-447A-B8ED-79EE835D2E4B}.Release|iPhone.ActiveCfg = Release|Any CPU
		{0F47F35A-D5E8-447A-B8ED-79EE835D2E4B}.Release|iPhone.Build.0 = Release|Any CPU
		{0F47F35A-D5E8-447A-B8ED-79EE835D2E4B}.Release|iPhoneSimulator.ActiveCfg = Release|Any CPU
		{0F47F35A-D5E8-447A-B8ED-79EE835D2E4B}.Release|iPhoneSimulator.Build.0 = Release|Any CPU
		{0F47F35A-D5E8-447A-B8ED-79EE835D2E4B}.Release|x64.ActiveCfg = Release|Any CPU
		{0F47F35A-D5E8-447A-B8ED-79EE835D2E4B}.Release|x64.Build.0 = Release|Any CPU
		{0F47F35A-D5E8-447A-B8ED-79EE835D2E4B}.Release|x86.ActiveCfg = Release|Any CPU
		{0F47F35A-D5E8-447A-B8ED-79EE835D2E4B}.Release|x86.Build.0 = Release|Any CPU
		{18F0BB4C-8250-4EAE-9461-32D2CEB8F0AB}.Ad-Hoc|Any CPU.ActiveCfg = Release|Any CPU
		{18F0BB4C-8250-4EAE-9461-32D2CEB8F0AB}.Ad-Hoc|Any CPU.Build.0 = Release|Any CPU
		{18F0BB4C-8250-4EAE-9461-32D2CEB8F0AB}.Ad-Hoc|Any CPU.Deploy.0 = Release|Any CPU
		{18F0BB4C-8250-4EAE-9461-32D2CEB8F0AB}.Ad-Hoc|ARM.ActiveCfg = Release|Any CPU
		{18F0BB4C-8250-4EAE-9461-32D2CEB8F0AB}.Ad-Hoc|ARM.Build.0 = Release|Any CPU
		{18F0BB4C-8250-4EAE-9461-32D2CEB8F0AB}.Ad-Hoc|ARM.Deploy.0 = Release|Any CPU
		{18F0BB4C-8250-4EAE-9461-32D2CEB8F0AB}.Ad-Hoc|iPhone.ActiveCfg = Release|Any CPU
		{18F0BB4C-8250-4EAE-9461-32D2CEB8F0AB}.Ad-Hoc|iPhone.Build.0 = Release|Any CPU
		{18F0BB4C-8250-4EAE-9461-32D2CEB8F0AB}.Ad-Hoc|iPhone.Deploy.0 = Release|Any CPU
		{18F0BB4C-8250-4EAE-9461-32D2CEB8F0AB}.Ad-Hoc|iPhoneSimulator.ActiveCfg = Release|Any CPU
		{18F0BB4C-8250-4EAE-9461-32D2CEB8F0AB}.Ad-Hoc|iPhoneSimulator.Build.0 = Release|Any CPU
		{18F0BB4C-8250-4EAE-9461-32D2CEB8F0AB}.Ad-Hoc|iPhoneSimulator.Deploy.0 = Release|Any CPU
		{18F0BB4C-8250-4EAE-9461-32D2CEB8F0AB}.Ad-Hoc|x64.ActiveCfg = Release|Any CPU
		{18F0BB4C-8250-4EAE-9461-32D2CEB8F0AB}.Ad-Hoc|x64.Build.0 = Release|Any CPU
		{18F0BB4C-8250-4EAE-9461-32D2CEB8F0AB}.Ad-Hoc|x64.Deploy.0 = Release|Any CPU
		{18F0BB4C-8250-4EAE-9461-32D2CEB8F0AB}.Ad-Hoc|x86.ActiveCfg = Release|Any CPU
		{18F0BB4C-8250-4EAE-9461-32D2CEB8F0AB}.Ad-Hoc|x86.Build.0 = Release|Any CPU
		{18F0BB4C-8250-4EAE-9461-32D2CEB8F0AB}.Ad-Hoc|x86.Deploy.0 = Release|Any CPU
		{18F0BB4C-8250-4EAE-9461-32D2CEB8F0AB}.AppStore|Any CPU.ActiveCfg = Release|Any CPU
		{18F0BB4C-8250-4EAE-9461-32D2CEB8F0AB}.AppStore|Any CPU.Build.0 = Release|Any CPU
		{18F0BB4C-8250-4EAE-9461-32D2CEB8F0AB}.AppStore|Any CPU.Deploy.0 = Release|Any CPU
		{18F0BB4C-8250-4EAE-9461-32D2CEB8F0AB}.AppStore|ARM.ActiveCfg = Release|Any CPU
		{18F0BB4C-8250-4EAE-9461-32D2CEB8F0AB}.AppStore|ARM.Build.0 = Release|Any CPU
		{18F0BB4C-8250-4EAE-9461-32D2CEB8F0AB}.AppStore|ARM.Deploy.0 = Release|Any CPU
		{18F0BB4C-8250-4EAE-9461-32D2CEB8F0AB}.AppStore|iPhone.ActiveCfg = Release|Any CPU
		{18F0BB4C-8250-4EAE-9461-32D2CEB8F0AB}.AppStore|iPhone.Build.0 = Release|Any CPU
		{18F0BB4C-8250-4EAE-9461-32D2CEB8F0AB}.AppStore|iPhone.Deploy.0 = Release|Any CPU
		{18F0BB4C-8250-4EAE-9461-32D2CEB8F0AB}.AppStore|iPhoneSimulator.ActiveCfg = Release|Any CPU
		{18F0BB4C-8250-4EAE-9461-32D2CEB8F0AB}.AppStore|iPhoneSimulator.Build.0 = Release|Any CPU
		{18F0BB4C-8250-4EAE-9461-32D2CEB8F0AB}.AppStore|iPhoneSimulator.Deploy.0 = Release|Any CPU
		{18F0BB4C-8250-4EAE-9461-32D2CEB8F0AB}.AppStore|x64.ActiveCfg = Release|Any CPU
		{18F0BB4C-8250-4EAE-9461-32D2CEB8F0AB}.AppStore|x64.Build.0 = Release|Any CPU
		{18F0BB4C-8250-4EAE-9461-32D2CEB8F0AB}.AppStore|x64.Deploy.0 = Release|Any CPU
		{18F0BB4C-8250-4EAE-9461-32D2CEB8F0AB}.AppStore|x86.ActiveCfg = Release|Any CPU
		{18F0BB4C-8250-4EAE-9461-32D2CEB8F0AB}.AppStore|x86.Build.0 = Release|Any CPU
		{18F0BB4C-8250-4EAE-9461-32D2CEB8F0AB}.AppStore|x86.Deploy.0 = Release|Any CPU
		{18F0BB4C-8250-4EAE-9461-32D2CEB8F0AB}.Debug|Any CPU.ActiveCfg = Debug|Any CPU
		{18F0BB4C-8250-4EAE-9461-32D2CEB8F0AB}.Debug|Any CPU.Build.0 = Debug|Any CPU
		{18F0BB4C-8250-4EAE-9461-32D2CEB8F0AB}.Debug|Any CPU.Deploy.0 = Debug|Any CPU
		{18F0BB4C-8250-4EAE-9461-32D2CEB8F0AB}.Debug|ARM.ActiveCfg = Debug|Any CPU
		{18F0BB4C-8250-4EAE-9461-32D2CEB8F0AB}.Debug|ARM.Build.0 = Debug|Any CPU
		{18F0BB4C-8250-4EAE-9461-32D2CEB8F0AB}.Debug|ARM.Deploy.0 = Debug|Any CPU
		{18F0BB4C-8250-4EAE-9461-32D2CEB8F0AB}.Debug|iPhone.ActiveCfg = Debug|Any CPU
		{18F0BB4C-8250-4EAE-9461-32D2CEB8F0AB}.Debug|iPhone.Build.0 = Debug|Any CPU
		{18F0BB4C-8250-4EAE-9461-32D2CEB8F0AB}.Debug|iPhone.Deploy.0 = Debug|Any CPU
		{18F0BB4C-8250-4EAE-9461-32D2CEB8F0AB}.Debug|iPhoneSimulator.ActiveCfg = Debug|Any CPU
		{18F0BB4C-8250-4EAE-9461-32D2CEB8F0AB}.Debug|iPhoneSimulator.Build.0 = Debug|Any CPU
		{18F0BB4C-8250-4EAE-9461-32D2CEB8F0AB}.Debug|iPhoneSimulator.Deploy.0 = Debug|Any CPU
		{18F0BB4C-8250-4EAE-9461-32D2CEB8F0AB}.Debug|x64.ActiveCfg = Debug|Any CPU
		{18F0BB4C-8250-4EAE-9461-32D2CEB8F0AB}.Debug|x64.Build.0 = Debug|Any CPU
		{18F0BB4C-8250-4EAE-9461-32D2CEB8F0AB}.Debug|x64.Deploy.0 = Debug|Any CPU
		{18F0BB4C-8250-4EAE-9461-32D2CEB8F0AB}.Debug|x86.ActiveCfg = Debug|Any CPU
		{18F0BB4C-8250-4EAE-9461-32D2CEB8F0AB}.Debug|x86.Build.0 = Debug|Any CPU
		{18F0BB4C-8250-4EAE-9461-32D2CEB8F0AB}.Debug|x86.Deploy.0 = Debug|Any CPU
		{18F0BB4C-8250-4EAE-9461-32D2CEB8F0AB}.Release|Any CPU.ActiveCfg = Release|Any CPU
		{18F0BB4C-8250-4EAE-9461-32D2CEB8F0AB}.Release|Any CPU.Build.0 = Release|Any CPU
		{18F0BB4C-8250-4EAE-9461-32D2CEB8F0AB}.Release|Any CPU.Deploy.0 = Release|Any CPU
		{18F0BB4C-8250-4EAE-9461-32D2CEB8F0AB}.Release|ARM.ActiveCfg = Release|Any CPU
		{18F0BB4C-8250-4EAE-9461-32D2CEB8F0AB}.Release|ARM.Build.0 = Release|Any CPU
		{18F0BB4C-8250-4EAE-9461-32D2CEB8F0AB}.Release|ARM.Deploy.0 = Release|Any CPU
		{18F0BB4C-8250-4EAE-9461-32D2CEB8F0AB}.Release|iPhone.ActiveCfg = Release|Any CPU
		{18F0BB4C-8250-4EAE-9461-32D2CEB8F0AB}.Release|iPhone.Build.0 = Release|Any CPU
		{18F0BB4C-8250-4EAE-9461-32D2CEB8F0AB}.Release|iPhone.Deploy.0 = Release|Any CPU
		{18F0BB4C-8250-4EAE-9461-32D2CEB8F0AB}.Release|iPhoneSimulator.ActiveCfg = Release|Any CPU
		{18F0BB4C-8250-4EAE-9461-32D2CEB8F0AB}.Release|iPhoneSimulator.Build.0 = Release|Any CPU
		{18F0BB4C-8250-4EAE-9461-32D2CEB8F0AB}.Release|iPhoneSimulator.Deploy.0 = Release|Any CPU
		{18F0BB4C-8250-4EAE-9461-32D2CEB8F0AB}.Release|x64.ActiveCfg = Release|Any CPU
		{18F0BB4C-8250-4EAE-9461-32D2CEB8F0AB}.Release|x64.Build.0 = Release|Any CPU
		{18F0BB4C-8250-4EAE-9461-32D2CEB8F0AB}.Release|x64.Deploy.0 = Release|Any CPU
		{18F0BB4C-8250-4EAE-9461-32D2CEB8F0AB}.Release|x86.ActiveCfg = Release|Any CPU
		{18F0BB4C-8250-4EAE-9461-32D2CEB8F0AB}.Release|x86.Build.0 = Release|Any CPU
		{18F0BB4C-8250-4EAE-9461-32D2CEB8F0AB}.Release|x86.Deploy.0 = Release|Any CPU
		{4C87886A-CE50-42CB-906F-2CDB14FC2D6E}.Ad-Hoc|Any CPU.ActiveCfg = Release|Any CPU
		{4C87886A-CE50-42CB-906F-2CDB14FC2D6E}.Ad-Hoc|Any CPU.Build.0 = Release|Any CPU
		{4C87886A-CE50-42CB-906F-2CDB14FC2D6E}.Ad-Hoc|ARM.ActiveCfg = Release|Any CPU
		{4C87886A-CE50-42CB-906F-2CDB14FC2D6E}.Ad-Hoc|ARM.Build.0 = Release|Any CPU
		{4C87886A-CE50-42CB-906F-2CDB14FC2D6E}.Ad-Hoc|iPhone.ActiveCfg = Release|Any CPU
		{4C87886A-CE50-42CB-906F-2CDB14FC2D6E}.Ad-Hoc|iPhone.Build.0 = Release|Any CPU
		{4C87886A-CE50-42CB-906F-2CDB14FC2D6E}.Ad-Hoc|iPhoneSimulator.ActiveCfg = Release|Any CPU
		{4C87886A-CE50-42CB-906F-2CDB14FC2D6E}.Ad-Hoc|iPhoneSimulator.Build.0 = Release|Any CPU
		{4C87886A-CE50-42CB-906F-2CDB14FC2D6E}.Ad-Hoc|x64.ActiveCfg = Release|Any CPU
		{4C87886A-CE50-42CB-906F-2CDB14FC2D6E}.Ad-Hoc|x64.Build.0 = Release|Any CPU
		{4C87886A-CE50-42CB-906F-2CDB14FC2D6E}.Ad-Hoc|x86.ActiveCfg = Release|Any CPU
		{4C87886A-CE50-42CB-906F-2CDB14FC2D6E}.Ad-Hoc|x86.Build.0 = Release|Any CPU
		{4C87886A-CE50-42CB-906F-2CDB14FC2D6E}.AppStore|Any CPU.ActiveCfg = Release|Any CPU
		{4C87886A-CE50-42CB-906F-2CDB14FC2D6E}.AppStore|Any CPU.Build.0 = Release|Any CPU
		{4C87886A-CE50-42CB-906F-2CDB14FC2D6E}.AppStore|ARM.ActiveCfg = Release|Any CPU
		{4C87886A-CE50-42CB-906F-2CDB14FC2D6E}.AppStore|ARM.Build.0 = Release|Any CPU
		{4C87886A-CE50-42CB-906F-2CDB14FC2D6E}.AppStore|iPhone.ActiveCfg = Release|Any CPU
		{4C87886A-CE50-42CB-906F-2CDB14FC2D6E}.AppStore|iPhone.Build.0 = Release|Any CPU
		{4C87886A-CE50-42CB-906F-2CDB14FC2D6E}.AppStore|iPhoneSimulator.ActiveCfg = Release|Any CPU
		{4C87886A-CE50-42CB-906F-2CDB14FC2D6E}.AppStore|iPhoneSimulator.Build.0 = Release|Any CPU
		{4C87886A-CE50-42CB-906F-2CDB14FC2D6E}.AppStore|x64.ActiveCfg = Release|Any CPU
		{4C87886A-CE50-42CB-906F-2CDB14FC2D6E}.AppStore|x64.Build.0 = Release|Any CPU
		{4C87886A-CE50-42CB-906F-2CDB14FC2D6E}.AppStore|x86.ActiveCfg = Release|Any CPU
		{4C87886A-CE50-42CB-906F-2CDB14FC2D6E}.AppStore|x86.Build.0 = Release|Any CPU
		{4C87886A-CE50-42CB-906F-2CDB14FC2D6E}.Debug|Any CPU.ActiveCfg = Debug|Any CPU
		{4C87886A-CE50-42CB-906F-2CDB14FC2D6E}.Debug|Any CPU.Build.0 = Debug|Any CPU
		{4C87886A-CE50-42CB-906F-2CDB14FC2D6E}.Debug|ARM.ActiveCfg = Debug|Any CPU
		{4C87886A-CE50-42CB-906F-2CDB14FC2D6E}.Debug|ARM.Build.0 = Debug|Any CPU
		{4C87886A-CE50-42CB-906F-2CDB14FC2D6E}.Debug|iPhone.ActiveCfg = Debug|Any CPU
		{4C87886A-CE50-42CB-906F-2CDB14FC2D6E}.Debug|iPhone.Build.0 = Debug|Any CPU
		{4C87886A-CE50-42CB-906F-2CDB14FC2D6E}.Debug|iPhoneSimulator.ActiveCfg = Debug|Any CPU
		{4C87886A-CE50-42CB-906F-2CDB14FC2D6E}.Debug|iPhoneSimulator.Build.0 = Debug|Any CPU
		{4C87886A-CE50-42CB-906F-2CDB14FC2D6E}.Debug|x64.ActiveCfg = Debug|Any CPU
		{4C87886A-CE50-42CB-906F-2CDB14FC2D6E}.Debug|x64.Build.0 = Debug|Any CPU
		{4C87886A-CE50-42CB-906F-2CDB14FC2D6E}.Debug|x86.ActiveCfg = Debug|Any CPU
		{4C87886A-CE50-42CB-906F-2CDB14FC2D6E}.Debug|x86.Build.0 = Debug|Any CPU
		{4C87886A-CE50-42CB-906F-2CDB14FC2D6E}.Release|Any CPU.ActiveCfg = Release|Any CPU
		{4C87886A-CE50-42CB-906F-2CDB14FC2D6E}.Release|Any CPU.Build.0 = Release|Any CPU
		{4C87886A-CE50-42CB-906F-2CDB14FC2D6E}.Release|ARM.ActiveCfg = Release|Any CPU
		{4C87886A-CE50-42CB-906F-2CDB14FC2D6E}.Release|ARM.Build.0 = Release|Any CPU
		{4C87886A-CE50-42CB-906F-2CDB14FC2D6E}.Release|iPhone.ActiveCfg = Release|Any CPU
		{4C87886A-CE50-42CB-906F-2CDB14FC2D6E}.Release|iPhone.Build.0 = Release|Any CPU
		{4C87886A-CE50-42CB-906F-2CDB14FC2D6E}.Release|iPhoneSimulator.ActiveCfg = Release|Any CPU
		{4C87886A-CE50-42CB-906F-2CDB14FC2D6E}.Release|iPhoneSimulator.Build.0 = Release|Any CPU
		{4C87886A-CE50-42CB-906F-2CDB14FC2D6E}.Release|x64.ActiveCfg = Release|Any CPU
		{4C87886A-CE50-42CB-906F-2CDB14FC2D6E}.Release|x64.Build.0 = Release|Any CPU
		{4C87886A-CE50-42CB-906F-2CDB14FC2D6E}.Release|x86.ActiveCfg = Release|Any CPU
		{4C87886A-CE50-42CB-906F-2CDB14FC2D6E}.Release|x86.Build.0 = Release|Any CPU
		{782948E9-248D-46EA-8298-4A5985EFCB70}.Ad-Hoc|Any CPU.ActiveCfg = Release|x86
		{782948E9-248D-46EA-8298-4A5985EFCB70}.Ad-Hoc|Any CPU.Build.0 = Release|x86
		{782948E9-248D-46EA-8298-4A5985EFCB70}.Ad-Hoc|Any CPU.Deploy.0 = Release|x86
		{782948E9-248D-46EA-8298-4A5985EFCB70}.Ad-Hoc|ARM.ActiveCfg = Release|ARM
		{782948E9-248D-46EA-8298-4A5985EFCB70}.Ad-Hoc|ARM.Build.0 = Release|ARM
		{782948E9-248D-46EA-8298-4A5985EFCB70}.Ad-Hoc|ARM.Deploy.0 = Release|ARM
		{782948E9-248D-46EA-8298-4A5985EFCB70}.Ad-Hoc|iPhone.ActiveCfg = Release|x86
		{782948E9-248D-46EA-8298-4A5985EFCB70}.Ad-Hoc|iPhone.Build.0 = Release|x86
		{782948E9-248D-46EA-8298-4A5985EFCB70}.Ad-Hoc|iPhone.Deploy.0 = Release|x86
		{782948E9-248D-46EA-8298-4A5985EFCB70}.Ad-Hoc|iPhoneSimulator.ActiveCfg = Release|x86
		{782948E9-248D-46EA-8298-4A5985EFCB70}.Ad-Hoc|iPhoneSimulator.Build.0 = Release|x86
		{782948E9-248D-46EA-8298-4A5985EFCB70}.Ad-Hoc|iPhoneSimulator.Deploy.0 = Release|x86
		{782948E9-248D-46EA-8298-4A5985EFCB70}.Ad-Hoc|x64.ActiveCfg = Release|x64
		{782948E9-248D-46EA-8298-4A5985EFCB70}.Ad-Hoc|x64.Build.0 = Release|x64
		{782948E9-248D-46EA-8298-4A5985EFCB70}.Ad-Hoc|x64.Deploy.0 = Release|x64
		{782948E9-248D-46EA-8298-4A5985EFCB70}.Ad-Hoc|x86.ActiveCfg = Release|x86
		{782948E9-248D-46EA-8298-4A5985EFCB70}.Ad-Hoc|x86.Build.0 = Release|x86
		{782948E9-248D-46EA-8298-4A5985EFCB70}.Ad-Hoc|x86.Deploy.0 = Release|x86
		{782948E9-248D-46EA-8298-4A5985EFCB70}.AppStore|Any CPU.ActiveCfg = Release|x86
		{782948E9-248D-46EA-8298-4A5985EFCB70}.AppStore|Any CPU.Build.0 = Release|x86
		{782948E9-248D-46EA-8298-4A5985EFCB70}.AppStore|Any CPU.Deploy.0 = Release|x86
		{782948E9-248D-46EA-8298-4A5985EFCB70}.AppStore|ARM.ActiveCfg = Release|ARM
		{782948E9-248D-46EA-8298-4A5985EFCB70}.AppStore|ARM.Build.0 = Release|ARM
		{782948E9-248D-46EA-8298-4A5985EFCB70}.AppStore|ARM.Deploy.0 = Release|ARM
		{782948E9-248D-46EA-8298-4A5985EFCB70}.AppStore|iPhone.ActiveCfg = Release|x86
		{782948E9-248D-46EA-8298-4A5985EFCB70}.AppStore|iPhone.Build.0 = Release|x86
		{782948E9-248D-46EA-8298-4A5985EFCB70}.AppStore|iPhone.Deploy.0 = Release|x86
		{782948E9-248D-46EA-8298-4A5985EFCB70}.AppStore|iPhoneSimulator.ActiveCfg = Release|x86
		{782948E9-248D-46EA-8298-4A5985EFCB70}.AppStore|iPhoneSimulator.Build.0 = Release|x86
		{782948E9-248D-46EA-8298-4A5985EFCB70}.AppStore|iPhoneSimulator.Deploy.0 = Release|x86
		{782948E9-248D-46EA-8298-4A5985EFCB70}.AppStore|x64.ActiveCfg = Release|x64
		{782948E9-248D-46EA-8298-4A5985EFCB70}.AppStore|x64.Build.0 = Release|x64
		{782948E9-248D-46EA-8298-4A5985EFCB70}.AppStore|x64.Deploy.0 = Release|x64
		{782948E9-248D-46EA-8298-4A5985EFCB70}.AppStore|x86.ActiveCfg = Release|x86
		{782948E9-248D-46EA-8298-4A5985EFCB70}.AppStore|x86.Build.0 = Release|x86
		{782948E9-248D-46EA-8298-4A5985EFCB70}.AppStore|x86.Deploy.0 = Release|x86
		{782948E9-248D-46EA-8298-4A5985EFCB70}.Debug|Any CPU.ActiveCfg = Debug|x86
		{782948E9-248D-46EA-8298-4A5985EFCB70}.Debug|ARM.ActiveCfg = Debug|ARM
		{782948E9-248D-46EA-8298-4A5985EFCB70}.Debug|ARM.Build.0 = Debug|ARM
		{782948E9-248D-46EA-8298-4A5985EFCB70}.Debug|ARM.Deploy.0 = Debug|ARM
		{782948E9-248D-46EA-8298-4A5985EFCB70}.Debug|iPhone.ActiveCfg = Debug|x86
		{782948E9-248D-46EA-8298-4A5985EFCB70}.Debug|iPhoneSimulator.ActiveCfg = Debug|x86
		{782948E9-248D-46EA-8298-4A5985EFCB70}.Debug|x64.ActiveCfg = Debug|x64
		{782948E9-248D-46EA-8298-4A5985EFCB70}.Debug|x64.Build.0 = Debug|x64
		{782948E9-248D-46EA-8298-4A5985EFCB70}.Debug|x64.Deploy.0 = Debug|x64
		{782948E9-248D-46EA-8298-4A5985EFCB70}.Debug|x86.ActiveCfg = Debug|x86
		{782948E9-248D-46EA-8298-4A5985EFCB70}.Debug|x86.Build.0 = Debug|x86
		{782948E9-248D-46EA-8298-4A5985EFCB70}.Debug|x86.Deploy.0 = Debug|x86
		{782948E9-248D-46EA-8298-4A5985EFCB70}.Release|Any CPU.ActiveCfg = Release|x86
		{782948E9-248D-46EA-8298-4A5985EFCB70}.Release|ARM.ActiveCfg = Release|ARM
		{782948E9-248D-46EA-8298-4A5985EFCB70}.Release|ARM.Build.0 = Release|ARM
		{782948E9-248D-46EA-8298-4A5985EFCB70}.Release|ARM.Deploy.0 = Release|ARM
		{782948E9-248D-46EA-8298-4A5985EFCB70}.Release|iPhone.ActiveCfg = Release|x86
		{782948E9-248D-46EA-8298-4A5985EFCB70}.Release|iPhoneSimulator.ActiveCfg = Release|x86
		{782948E9-248D-46EA-8298-4A5985EFCB70}.Release|x64.ActiveCfg = Release|x64
		{782948E9-248D-46EA-8298-4A5985EFCB70}.Release|x64.Build.0 = Release|x64
		{782948E9-248D-46EA-8298-4A5985EFCB70}.Release|x64.Deploy.0 = Release|x64
		{782948E9-248D-46EA-8298-4A5985EFCB70}.Release|x86.ActiveCfg = Release|x86
		{782948E9-248D-46EA-8298-4A5985EFCB70}.Release|x86.Build.0 = Release|x86
		{782948E9-248D-46EA-8298-4A5985EFCB70}.Release|x86.Deploy.0 = Release|x86
		{E7CFF00B-71E6-4EB4-BC97-BE7BF8C4F023}.Ad-Hoc|Any CPU.ActiveCfg = Ad-Hoc|iPhone
		{E7CFF00B-71E6-4EB4-BC97-BE7BF8C4F023}.Ad-Hoc|ARM.ActiveCfg = Ad-Hoc|iPhone
		{E7CFF00B-71E6-4EB4-BC97-BE7BF8C4F023}.Ad-Hoc|iPhone.ActiveCfg = Ad-Hoc|iPhone
		{E7CFF00B-71E6-4EB4-BC97-BE7BF8C4F023}.Ad-Hoc|iPhone.Build.0 = Ad-Hoc|iPhone
		{E7CFF00B-71E6-4EB4-BC97-BE7BF8C4F023}.Ad-Hoc|iPhoneSimulator.ActiveCfg = Ad-Hoc|iPhoneSimulator
		{E7CFF00B-71E6-4EB4-BC97-BE7BF8C4F023}.Ad-Hoc|iPhoneSimulator.Build.0 = Ad-Hoc|iPhoneSimulator
		{E7CFF00B-71E6-4EB4-BC97-BE7BF8C4F023}.Ad-Hoc|x64.ActiveCfg = Ad-Hoc|iPhone
		{E7CFF00B-71E6-4EB4-BC97-BE7BF8C4F023}.Ad-Hoc|x86.ActiveCfg = Ad-Hoc|iPhone
		{E7CFF00B-71E6-4EB4-BC97-BE7BF8C4F023}.AppStore|Any CPU.ActiveCfg = AppStore|iPhone
		{E7CFF00B-71E6-4EB4-BC97-BE7BF8C4F023}.AppStore|ARM.ActiveCfg = AppStore|iPhone
		{E7CFF00B-71E6-4EB4-BC97-BE7BF8C4F023}.AppStore|iPhone.ActiveCfg = AppStore|iPhone
		{E7CFF00B-71E6-4EB4-BC97-BE7BF8C4F023}.AppStore|iPhone.Build.0 = AppStore|iPhone
		{E7CFF00B-71E6-4EB4-BC97-BE7BF8C4F023}.AppStore|iPhoneSimulator.ActiveCfg = AppStore|iPhoneSimulator
		{E7CFF00B-71E6-4EB4-BC97-BE7BF8C4F023}.AppStore|iPhoneSimulator.Build.0 = AppStore|iPhoneSimulator
		{E7CFF00B-71E6-4EB4-BC97-BE7BF8C4F023}.AppStore|x64.ActiveCfg = AppStore|iPhone
		{E7CFF00B-71E6-4EB4-BC97-BE7BF8C4F023}.AppStore|x86.ActiveCfg = AppStore|iPhone
		{E7CFF00B-71E6-4EB4-BC97-BE7BF8C4F023}.Debug|Any CPU.ActiveCfg = Debug|iPhone
		{E7CFF00B-71E6-4EB4-BC97-BE7BF8C4F023}.Debug|ARM.ActiveCfg = Debug|iPhone
		{E7CFF00B-71E6-4EB4-BC97-BE7BF8C4F023}.Debug|iPhone.ActiveCfg = Debug|iPhone
		{E7CFF00B-71E6-4EB4-BC97-BE7BF8C4F023}.Debug|iPhone.Build.0 = Debug|iPhone
		{E7CFF00B-71E6-4EB4-BC97-BE7BF8C4F023}.Debug|iPhoneSimulator.ActiveCfg = Debug|iPhoneSimulator
		{E7CFF00B-71E6-4EB4-BC97-BE7BF8C4F023}.Debug|iPhoneSimulator.Build.0 = Debug|iPhoneSimulator
		{E7CFF00B-71E6-4EB4-BC97-BE7BF8C4F023}.Debug|x64.ActiveCfg = Debug|iPhone
		{E7CFF00B-71E6-4EB4-BC97-BE7BF8C4F023}.Debug|x86.ActiveCfg = Debug|iPhone
		{E7CFF00B-71E6-4EB4-BC97-BE7BF8C4F023}.Release|Any CPU.ActiveCfg = Release|iPhone
		{E7CFF00B-71E6-4EB4-BC97-BE7BF8C4F023}.Release|ARM.ActiveCfg = Release|iPhone
		{E7CFF00B-71E6-4EB4-BC97-BE7BF8C4F023}.Release|iPhone.ActiveCfg = Release|iPhone
		{E7CFF00B-71E6-4EB4-BC97-BE7BF8C4F023}.Release|iPhone.Build.0 = Release|iPhone
		{E7CFF00B-71E6-4EB4-BC97-BE7BF8C4F023}.Release|iPhoneSimulator.ActiveCfg = Release|iPhoneSimulator
		{E7CFF00B-71E6-4EB4-BC97-BE7BF8C4F023}.Release|iPhoneSimulator.Build.0 = Release|iPhoneSimulator
		{E7CFF00B-71E6-4EB4-BC97-BE7BF8C4F023}.Release|x64.ActiveCfg = Release|iPhone
		{E7CFF00B-71E6-4EB4-BC97-BE7BF8C4F023}.Release|x86.ActiveCfg = Release|iPhone
	EndGlobalSection
	GlobalSection(SolutionProperties) = preSolution
		HideSolutionNode = FALSE
	EndGlobalSection
	GlobalSection(NestedProjects) = preSolution
		{E3D79CEC-61D6-4852-9860-6D518E605844} = {9F1CD982-DA6A-4AC1-BDE2-1B5882FF0011}
		{89FE741C-6667-4A97-805F-C8EB171FA4CD} = {9F1CD982-DA6A-4AC1-BDE2-1B5882FF0011}
		{6D4B18F1-202A-414A-B529-20033DF3CF92} = {69172ABA-802E-400C-A021-61CAC032AD09}
		{9652BF7A-0225-4CE0-BD71-BEBA4B3BB958} = {69172ABA-802E-400C-A021-61CAC032AD09}
		{924B8B4E-A380-48E6-B711-D0826CA15EE1} = {69172ABA-802E-400C-A021-61CAC032AD09}
		{9422F13F-80BB-4BEE-8C31-3BF313FF0304} = {69172ABA-802E-400C-A021-61CAC032AD09}
		{C05114C4-457A-477C-8D10-ABC875D43B1C} = {69172ABA-802E-400C-A021-61CAC032AD09}
		{CC1A8092-E9B8-4799-B765-801663288865} = {9F1CD982-DA6A-4AC1-BDE2-1B5882FF0011}
		{FF293B15-EFEE-428D-9BE7-4BFE0056304D} = {140FDF09-5F80-4475-BDA2-DBFEF3C28C23}
		{CC3062DF-ADC0-45FD-9AD3-E714B6EFD3D8} = {140FDF09-5F80-4475-BDA2-DBFEF3C28C23}
		{0F47F35A-D5E8-447A-B8ED-79EE835D2E4B} = {69172ABA-802E-400C-A021-61CAC032AD09}
		{18F0BB4C-8250-4EAE-9461-32D2CEB8F0AB} = {E3D79CEC-61D6-4852-9860-6D518E605844}
		{4C87886A-CE50-42CB-906F-2CDB14FC2D6E} = {E3D79CEC-61D6-4852-9860-6D518E605844}
		{782948E9-248D-46EA-8298-4A5985EFCB70} = {E3D79CEC-61D6-4852-9860-6D518E605844}
		{E7CFF00B-71E6-4EB4-BC97-BE7BF8C4F023} = {E3D79CEC-61D6-4852-9860-6D518E605844}
	EndGlobalSection
EndGlobal
