
Microsoft Visual Studio Solution File, Format Version 12.00
# Visual Studio 14
VisualStudioVersion = 14.0.25420.1
MinimumVisualStudioVersion = 10.0.40219.1
Project("{2150E333-8FDC-42A3-9474-1A3956D46DE8}") = "Apps", "Apps", "{9F1CD982-DA6A-4AC1-BDE2-1B5882FF0011}"
EndProject
Project("{2150E333-8FDC-42A3-9474-1A3956D46DE8}") = "Forms", "Forms", "{E3D79CEC-61D6-4852-9860-6D518E605844}"
EndProject
Project("{2150E333-8FDC-42A3-9474-1A3956D46DE8}") = "Native", "Native", "{89FE741C-6667-4A97-805F-C8EB171FA4CD}"
EndProject
Project("{2150E333-8FDC-42A3-9474-1A3956D46DE8}") = "Core", "Core", "{69172ABA-802E-400C-A021-61CAC032AD09}"
EndProject
Project("{2150E333-8FDC-42A3-9474-1A3956D46DE8}") = "Tests", "Tests", "{5A750107-B367-4A75-90B1-95BC865BF110}"
EndProject
Project("{FAE04EC0-301F-11D3-BF4B-00C04F79EFBC}") = "Stc.AppTemplate.Common", "Core\Stc.AppTemplate.Common\Stc.AppTemplate.Common.csproj", "{6D4B18F1-202A-414A-B529-20033DF3CF92}"
EndProject
Project("{FAE04EC0-301F-11D3-BF4B-00C04F79EFBC}") = "Stc.AppTemplate.Core.Api", "Core\Stc.AppTemplate.Core.Api\Stc.AppTemplate.Core.Api.csproj", "{9652BF7A-0225-4CE0-BD71-BEBA4B3BB958}"
EndProject
Project("{FAE04EC0-301F-11D3-BF4B-00C04F79EFBC}") = "Stc.AppTemplate.Core.Repository", "Core\Stc.AppTemplate.Core.Repository\Stc.AppTemplate.Core.Repository.csproj", "{924B8B4E-A380-48E6-B711-D0826CA15EE1}"
EndProject
Project("{FAE04EC0-301F-11D3-BF4B-00C04F79EFBC}") = "Stc.AppTemplate.Core.Contracts", "Core\Stc.AppTemplate.Core.Contracts\Stc.AppTemplate.Core.Contracts.csproj", "{9422F13F-80BB-4BEE-8C31-3BF313FF0304}"
EndProject
Project("{FAE04EC0-301F-11D3-BF4B-00C04F79EFBC}") = "Stc.AppTemplate.Core.Services", "Core\Stc.AppTemplate.Core.Services\Stc.AppTemplate.Core.Services.csproj", "{C05114C4-457A-477C-8D10-ABC875D43B1C}"
EndProject
Global
	GlobalSection(SolutionConfigurationPlatforms) = preSolution
		Debug|Any CPU = Debug|Any CPU
		Release|Any CPU = Release|Any CPU
	EndGlobalSection
	GlobalSection(ProjectConfigurationPlatforms) = postSolution
		{6D4B18F1-202A-414A-B529-20033DF3CF92}.Debug|Any CPU.ActiveCfg = Debug|Any CPU
		{6D4B18F1-202A-414A-B529-20033DF3CF92}.Debug|Any CPU.Build.0 = Debug|Any CPU
		{6D4B18F1-202A-414A-B529-20033DF3CF92}.Release|Any CPU.ActiveCfg = Release|Any CPU
		{6D4B18F1-202A-414A-B529-20033DF3CF92}.Release|Any CPU.Build.0 = Release|Any CPU
		{9652BF7A-0225-4CE0-BD71-BEBA4B3BB958}.Debug|Any CPU.ActiveCfg = Debug|Any CPU
		{9652BF7A-0225-4CE0-BD71-BEBA4B3BB958}.Debug|Any CPU.Build.0 = Debug|Any CPU
		{9652BF7A-0225-4CE0-BD71-BEBA4B3BB958}.Release|Any CPU.ActiveCfg = Release|Any CPU
		{9652BF7A-0225-4CE0-BD71-BEBA4B3BB958}.Release|Any CPU.Build.0 = Release|Any CPU
		{924B8B4E-A380-48E6-B711-D0826CA15EE1}.Debug|Any CPU.ActiveCfg = Debug|Any CPU
		{924B8B4E-A380-48E6-B711-D0826CA15EE1}.Debug|Any CPU.Build.0 = Debug|Any CPU
		{924B8B4E-A380-48E6-B711-D0826CA15EE1}.Release|Any CPU.ActiveCfg = Release|Any CPU
		{924B8B4E-A380-48E6-B711-D0826CA15EE1}.Release|Any CPU.Build.0 = Release|Any CPU
		{9422F13F-80BB-4BEE-8C31-3BF313FF0304}.Debug|Any CPU.ActiveCfg = Debug|Any CPU
		{9422F13F-80BB-4BEE-8C31-3BF313FF0304}.Debug|Any CPU.Build.0 = Debug|Any CPU
		{9422F13F-80BB-4BEE-8C31-3BF313FF0304}.Release|Any CPU.ActiveCfg = Release|Any CPU
		{9422F13F-80BB-4BEE-8C31-3BF313FF0304}.Release|Any CPU.Build.0 = Release|Any CPU
		{C05114C4-457A-477C-8D10-ABC875D43B1C}.Debug|Any CPU.ActiveCfg = Debug|Any CPU
		{C05114C4-457A-477C-8D10-ABC875D43B1C}.Debug|Any CPU.Build.0 = Debug|Any CPU
		{C05114C4-457A-477C-8D10-ABC875D43B1C}.Release|Any CPU.ActiveCfg = Release|Any CPU
		{C05114C4-457A-477C-8D10-ABC875D43B1C}.Release|Any CPU.Build.0 = Release|Any CPU
	EndGlobalSection
	GlobalSection(SolutionProperties) = preSolution
		HideSolutionNode = FALSE
	EndGlobalSection
	GlobalSection(NestedProjects) = preSolution
		{E3D79CEC-61D6-4852-9860-6D518E605844} = {9F1CD982-DA6A-4AC1-BDE2-1B5882FF0011}
		{89FE741C-6667-4A97-805F-C8EB171FA4CD} = {9F1CD982-DA6A-4AC1-BDE2-1B5882FF0011}
		{6D4B18F1-202A-414A-B529-20033DF3CF92} = {69172ABA-802E-400C-A021-61CAC032AD09}
		{9652BF7A-0225-4CE0-BD71-BEBA4B3BB958} = {69172ABA-802E-400C-A021-61CAC032AD09}
		{924B8B4E-A380-48E6-B711-D0826CA15EE1} = {69172ABA-802E-400C-A021-61CAC032AD09}
		{9422F13F-80BB-4BEE-8C31-3BF313FF0304} = {69172ABA-802E-400C-A021-61CAC032AD09}
		{C05114C4-457A-477C-8D10-ABC875D43B1C} = {69172ABA-802E-400C-A021-61CAC032AD09}
	EndGlobalSection
EndGlobal
